// !$*UTF8*$!
{
	archiveVersion = 1;
	classes = {
	};
	objectVersion = 46;
	objects = {

/* Begin PBXBuildFile section */
		BC0679F521001D36003EABF9 /* background.bmp in CopyFiles */ = {isa = PBXBuildFile; fileRef = BC0679F421001D36003EABF9 /* background.bmp */; };
		BC0679F721001F70003EABF9 /* pixelsonic.bmp in CopyFiles */ = {isa = PBXBuildFile; fileRef = BC0679F621001F70003EABF9 /* pixelsonic.bmp */; };
		BC0B8F74210950C300A6A092 /* testingIMG.png in CopyFiles */ = {isa = PBXBuildFile; fileRef = BC0B8F73210950C300A6A092 /* testingIMG.png */; };
		BC0B8F76210953DD00A6A092 /* pngGrassTile.png in CopyFiles */ = {isa = PBXBuildFile; fileRef = BC0B8F75210953DD00A6A092 /* pngGrassTile.png */; };
		BC0B8F7821095BAE00A6A092 /* SDL2_image.framework in Frameworks */ = {isa = PBXBuildFile; fileRef = BC0B8F7721095BAE00A6A092 /* SDL2_image.framework */; };
		BC0EC6CD212E518E001CEAAF /* slime_sheet.png in CopyFiles */ = {isa = PBXBuildFile; fileRef = BC0EC6CC212E518E001CEAAF /* slime_sheet.png */; };
		BC3A63E0211BD8B1007FAB4B /* image.png in CopyFiles */ = {isa = PBXBuildFile; fileRef = BC3A63DF211BD8B1007FAB4B /* image.png */; };
		BCDC099A21129D64000AA2A4 /* chapter4.cpp in Sources */ = {isa = PBXBuildFile; fileRef = BCDC099921129D64000AA2A4 /* chapter4.cpp */; };
		BCE1F46C21532EC600074548 /* stone_tiles.png in CopyFiles */ = {isa = PBXBuildFile; fileRef = BCE1F46B21532EC600074548 /* stone_tiles.png */; };
		BCE1F46E21532F6B00074548 /* stone_tile_big.png in CopyFiles */ = {isa = PBXBuildFile; fileRef = BCE1F46D21532F6B00074548 /* stone_tile_big.png */; };
		BCE1F470215338CB00074548 /* backgroundSky.png in CopyFiles */ = {isa = PBXBuildFile; fileRef = BCE1F46F215338CB00074548 /* backgroundSky.png */; };
		BCEB9EC921378961000A9CAB /* VectorClass.cpp in Sources */ = {isa = PBXBuildFile; fileRef = BCEB9EC821378961000A9CAB /* VectorClass.cpp */; };
		BCEC669A20F6E09F00456C01 /* main.cpp in Sources */ = {isa = PBXBuildFile; fileRef = BCEC669920F6E09F00456C01 /* main.cpp */; };
		BCEC66A120F6E18E00456C01 /* SDL2.framework in Frameworks */ = {isa = PBXBuildFile; fileRef = BCEC66A020F6E18E00456C01 /* SDL2.framework */; };
		BCEC66A320F6EEF800456C01 /* hello.bmp in CopyFiles */ = {isa = PBXBuildFile; fileRef = BCEC66A220F6EEF800456C01 /* hello.bmp */; };
/* End PBXBuildFile section */

/* Begin PBXCopyFilesBuildPhase section */
		BCEC669420F6E09F00456C01 /* CopyFiles */ = {
			isa = PBXCopyFilesBuildPhase;
			buildActionMask = 12;
			dstPath = "";
			dstSubfolderSpec = 7;
			files = (
				BCE1F470215338CB00074548 /* backgroundSky.png in CopyFiles */,
				BCE1F46E21532F6B00074548 /* stone_tile_big.png in CopyFiles */,
				BCE1F46C21532EC600074548 /* stone_tiles.png in CopyFiles */,
				BC0EC6CD212E518E001CEAAF /* slime_sheet.png in CopyFiles */,
				BC3A63E0211BD8B1007FAB4B /* image.png in CopyFiles */,
				BC0B8F76210953DD00A6A092 /* pngGrassTile.png in CopyFiles */,
				BC0B8F74210950C300A6A092 /* testingIMG.png in CopyFiles */,
				BC0679F721001F70003EABF9 /* pixelsonic.bmp in CopyFiles */,
				BC0679F521001D36003EABF9 /* background.bmp in CopyFiles */,
				BCEC66A320F6EEF800456C01 /* hello.bmp in CopyFiles */,
			);
			runOnlyForDeploymentPostprocessing = 0;
		};
/* End PBXCopyFilesBuildPhase section */

/* Begin PBXFileReference section */
		BC0679F421001D36003EABF9 /* background.bmp */ = {isa = PBXFileReference; lastKnownFileType = image.bmp; name = background.bmp; path = Resources/background.bmp; sourceTree = "<group>"; };
		BC0679F621001F70003EABF9 /* pixelsonic.bmp */ = {isa = PBXFileReference; lastKnownFileType = image.bmp; name = pixelsonic.bmp; path = Resources/pixelsonic.bmp; sourceTree = "<group>"; };
		BC0B8F73210950C300A6A092 /* testingIMG.png */ = {isa = PBXFileReference; lastKnownFileType = image.png; name = testingIMG.png; path = Resources/testingIMG.png; sourceTree = "<group>"; };
		BC0B8F75210953DD00A6A092 /* pngGrassTile.png */ = {isa = PBXFileReference; lastKnownFileType = image.png; name = pngGrassTile.png; path = Resources/pngGrassTile.png; sourceTree = "<group>"; };
		BC0B8F7721095BAE00A6A092 /* SDL2_image.framework */ = {isa = PBXFileReference; lastKnownFileType = wrapper.framework; name = SDL2_image.framework; path = ../../../../../Library/Frameworks/SDL2_image.framework; sourceTree = "<group>"; };
		BC0EC6CC212E518E001CEAAF /* slime_sheet.png */ = {isa = PBXFileReference; lastKnownFileType = image.png; name = slime_sheet.png; path = Resources/slime_sheet.png; sourceTree = "<group>"; };
		BC3A63DF211BD8B1007FAB4B /* image.png */ = {isa = PBXFileReference; lastKnownFileType = image.png; name = image.png; path = Resources/image.png; sourceTree = "<group>"; };
		BCDC099921129D64000AA2A4 /* chapter4.cpp */ = {isa = PBXFileReference; fileEncoding = 4; lastKnownFileType = sourcecode.cpp.cpp; name = chapter4.cpp; path = SDL_Test/chapter4.cpp; sourceTree = "<group>"; };
		BCE1F46B21532EC600074548 /* stone_tiles.png */ = {isa = PBXFileReference; lastKnownFileType = image.png; name = stone_tiles.png; path = Resources/stone_tiles.png; sourceTree = "<group>"; };
		BCE1F46D21532F6B00074548 /* stone_tile_big.png */ = {isa = PBXFileReference; lastKnownFileType = image.png; name = stone_tile_big.png; path = Resources/stone_tile_big.png; sourceTree = "<group>"; };
		BCE1F46F215338CB00074548 /* backgroundSky.png */ = {isa = PBXFileReference; lastKnownFileType = image.png; name = backgroundSky.png; path = Resources/backgroundSky.png; sourceTree = "<group>"; };
		BCEB9EC821378961000A9CAB /* VectorClass.cpp */ = {isa = PBXFileReference; fileEncoding = 4; lastKnownFileType = sourcecode.cpp.cpp; path = VectorClass.cpp; sourceTree = "<group>"; };
		BCEC669620F6E09F00456C01 /* SDL_Test */ = {isa = PBXFileReference; explicitFileType = "compiled.mach-o.executable"; includeInIndex = 0; path = SDL_Test; sourceTree = BUILT_PRODUCTS_DIR; };
		BCEC669920F6E09F00456C01 /* main.cpp */ = {isa = PBXFileReference; lastKnownFileType = sourcecode.cpp.cpp; path = main.cpp; sourceTree = "<group>"; };
		BCEC66A020F6E18E00456C01 /* SDL2.framework */ = {isa = PBXFileReference; lastKnownFileType = wrapper.framework; name = SDL2.framework; path = ../../../../../Library/Frameworks/SDL2.framework; sourceTree = "<group>"; };
		BCEC66A220F6EEF800456C01 /* hello.bmp */ = {isa = PBXFileReference; lastKnownFileType = image.bmp; name = hello.bmp; path = Resources/hello.bmp; sourceTree = "<group>"; };
		BCF1571F2112A88300C99A7F /* Header.h */ = {isa = PBXFileReference; lastKnownFileType = sourcecode.c.h; path = Header.h; sourceTree = "<group>"; };
/* End PBXFileReference section */

/* Begin PBXFrameworksBuildPhase section */
		BCEC669320F6E09F00456C01 /* Frameworks */ = {
			isa = PBXFrameworksBuildPhase;
			buildActionMask = 2147483647;
			files = (
				BC0B8F7821095BAE00A6A092 /* SDL2_image.framework in Frameworks */,
				BCEC66A120F6E18E00456C01 /* SDL2.framework in Frameworks */,
			);
			runOnlyForDeploymentPostprocessing = 0;
		};
/* End PBXFrameworksBuildPhase section */

/* Begin PBXGroup section */
		BCEC668D20F6E09F00456C01 = {
			isa = PBXGroup;
			children = (
				BCE1F46F215338CB00074548 /* backgroundSky.png */,
				BCE1F46D21532F6B00074548 /* stone_tile_big.png */,
				BCE1F46B21532EC600074548 /* stone_tiles.png */,
				BC0EC6CC212E518E001CEAAF /* slime_sheet.png */,
				BC3A63DF211BD8B1007FAB4B /* image.png */,
				BCF1571F2112A88300C99A7F /* Header.h */,
				BCF1571E2112A37F00C99A7F /* chapter4 */,
				BC0B8F7721095BAE00A6A092 /* SDL2_image.framework */,
				BC0B8F75210953DD00A6A092 /* pngGrassTile.png */,
				BC0B8F73210950C300A6A092 /* testingIMG.png */,
				BC0679F621001F70003EABF9 /* pixelsonic.bmp */,
				BC0679F421001D36003EABF9 /* background.bmp */,
				BCEC66A220F6EEF800456C01 /* hello.bmp */,
				BCEC66A020F6E18E00456C01 /* SDL2.framework */,
				BCEC669820F6E09F00456C01 /* SDL_Test */,
				BCEC669720F6E09F00456C01 /* Products */,
			);
			sourceTree = "<group>";
		};
		BCEC669720F6E09F00456C01 /* Products */ = {
			isa = PBXGroup;
			children = (
				BCEC669620F6E09F00456C01 /* SDL_Test */,
			);
			name = Products;
			sourceTree = "<group>";
		};
		BCEC669820F6E09F00456C01 /* SDL_Test */ = {
			isa = PBXGroup;
			children = (
				BCEB9EC821378961000A9CAB /* VectorClass.cpp */,
				BCEC669920F6E09F00456C01 /* main.cpp */,
			);
			path = SDL_Test;
			sourceTree = "<group>";
		};
		BCF1571E2112A37F00C99A7F /* chapter4 */ = {
			isa = PBXGroup;
			children = (
				BCDC099921129D64000AA2A4 /* chapter4.cpp */,
			);
			name = chapter4;
			sourceTree = "<group>";
		};
/* End PBXGroup section */

/* Begin PBXNativeTarget section */
		BCEC669520F6E09F00456C01 /* SDL_Test */ = {
			isa = PBXNativeTarget;
			buildConfigurationList = BCEC669D20F6E09F00456C01 /* Build configuration list for PBXNativeTarget "SDL_Test" */;
			buildPhases = (
				BCEC669220F6E09F00456C01 /* Sources */,
				BCEC669320F6E09F00456C01 /* Frameworks */,
				BCEC669420F6E09F00456C01 /* CopyFiles */,
			);
			buildRules = (
			);
			dependencies = (
			);
			name = SDL_Test;
			productName = SDL_Test;
			productReference = BCEC669620F6E09F00456C01 /* SDL_Test */;
			productType = "com.apple.product-type.tool";
		};
/* End PBXNativeTarget section */

/* Begin PBXProject section */
		BCEC668E20F6E09F00456C01 /* Project object */ = {
			isa = PBXProject;
			attributes = {
				KnownAssetTags = (
					New,
				);
				LastUpgradeCheck = 0730;
				ORGANIZATIONNAME = "MV Admin";
				TargetAttributes = {
					BCEC669520F6E09F00456C01 = {
						CreatedOnToolsVersion = 7.3.1;
					};
				};
			};
			buildConfigurationList = BCEC669120F6E09F00456C01 /* Build configuration list for PBXProject "SDL_Test" */;
			compatibilityVersion = "Xcode 3.2";
			developmentRegion = English;
			hasScannedForEncodings = 0;
			knownRegions = (
				en,
			);
			mainGroup = BCEC668D20F6E09F00456C01;
			productRefGroup = BCEC669720F6E09F00456C01 /* Products */;
			projectDirPath = "";
			projectRoot = "";
			targets = (
				BCEC669520F6E09F00456C01 /* SDL_Test */,
			);
		};
/* End PBXProject section */

/* Begin PBXSourcesBuildPhase section */
		BCEC669220F6E09F00456C01 /* Sources */ = {
			isa = PBXSourcesBuildPhase;
			buildActionMask = 2147483647;
			files = (
				BCDC099A21129D64000AA2A4 /* chapter4.cpp in Sources */,
				BCEC669A20F6E09F00456C01 /* main.cpp in Sources */,
				BCEB9EC921378961000A9CAB /* VectorClass.cpp in Sources */,
			);
			runOnlyForDeploymentPostprocessing = 0;
		};
/* End PBXSourcesBuildPhase section */

/* Begin XCBuildConfiguration section */
		BCEC669B20F6E09F00456C01 /* Debug */ = {
			isa = XCBuildConfiguration;
			buildSettings = {
				ALWAYS_SEARCH_USER_PATHS = NO;
				CLANG_ANALYZER_NONNULL = YES;
				CLANG_CXX_LANGUAGE_STANDARD = "gnu++0x";
				CLANG_CXX_LIBRARY = "libc++";
				CLANG_ENABLE_MODULES = YES;
				CLANG_ENABLE_OBJC_ARC = YES;
				CLANG_WARN_BOOL_CONVERSION = YES;
				CLANG_WARN_CONSTANT_CONVERSION = YES;
				CLANG_WARN_DIRECT_OBJC_ISA_USAGE = YES_ERROR;
				CLANG_WARN_EMPTY_BODY = YES;
				CLANG_WARN_ENUM_CONVERSION = YES;
				CLANG_WARN_INT_CONVERSION = YES;
				CLANG_WARN_OBJC_ROOT_CLASS = YES_ERROR;
				CLANG_WARN_UNREACHABLE_CODE = YES;
				CLANG_WARN__DUPLICATE_METHOD_MATCH = YES;
				CODE_SIGN_IDENTITY = "-";
				COPY_PHASE_STRIP = NO;
				DEBUG_INFORMATION_FORMAT = dwarf;
				ENABLE_STRICT_OBJC_MSGSEND = YES;
				ENABLE_TESTABILITY = YES;
				GCC_C_LANGUAGE_STANDARD = gnu99;
				GCC_DYNAMIC_NO_PIC = NO;
				GCC_NO_COMMON_BLOCKS = YES;
				GCC_OPTIMIZATION_LEVEL = 0;
				GCC_PREPROCESSOR_DEFINITIONS = (
					"DEBUG=1",
					"$(inherited)",
				);
				GCC_WARN_64_TO_32_BIT_CONVERSION = YES;
				GCC_WARN_ABOUT_RETURN_TYPE = YES_ERROR;
				GCC_WARN_UNDECLARED_SELECTOR = YES;
				GCC_WARN_UNINITIALIZED_AUTOS = YES_AGGRESSIVE;
				GCC_WARN_UNUSED_FUNCTION = YES;
				GCC_WARN_UNUSED_VARIABLE = YES;
				MACOSX_DEPLOYMENT_TARGET = 10.11;
				MTL_ENABLE_DEBUG_INFO = YES;
				ONLY_ACTIVE_ARCH = YES;
				SDKROOT = macosx;
			};
			name = Debug;
		};
		BCEC669C20F6E09F00456C01 /* Release */ = {
			isa = XCBuildConfiguration;
			buildSettings = {
				ALWAYS_SEARCH_USER_PATHS = NO;
				CLANG_ANALYZER_NONNULL = YES;
				CLANG_CXX_LANGUAGE_STANDARD = "gnu++0x";
				CLANG_CXX_LIBRARY = "libc++";
				CLANG_ENABLE_MODULES = YES;
				CLANG_ENABLE_OBJC_ARC = YES;
				CLANG_WARN_BOOL_CONVERSION = YES;
				CLANG_WARN_CONSTANT_CONVERSION = YES;
				CLANG_WARN_DIRECT_OBJC_ISA_USAGE = YES_ERROR;
				CLANG_WARN_EMPTY_BODY = YES;
				CLANG_WARN_ENUM_CONVERSION = YES;
				CLANG_WARN_INT_CONVERSION = YES;
				CLANG_WARN_OBJC_ROOT_CLASS = YES_ERROR;
				CLANG_WARN_UNREACHABLE_CODE = YES;
				CLANG_WARN__DUPLICATE_METHOD_MATCH = YES;
				CODE_SIGN_IDENTITY = "-";
				COPY_PHASE_STRIP = NO;
				DEBUG_INFORMATION_FORMAT = "dwarf-with-dsym";
				ENABLE_NS_ASSERTIONS = NO;
				ENABLE_STRICT_OBJC_MSGSEND = YES;
				GCC_C_LANGUAGE_STANDARD = gnu99;
				GCC_NO_COMMON_BLOCKS = YES;
				GCC_WARN_64_TO_32_BIT_CONVERSION = YES;
				GCC_WARN_ABOUT_RETURN_TYPE = YES_ERROR;
				GCC_WARN_UNDECLARED_SELECTOR = YES;
				GCC_WARN_UNINITIALIZED_AUTOS = YES_AGGRESSIVE;
				GCC_WARN_UNUSED_FUNCTION = YES;
				GCC_WARN_UNUSED_VARIABLE = YES;
				MACOSX_DEPLOYMENT_TARGET = 10.11;
				MTL_ENABLE_DEBUG_INFO = NO;
				SDKROOT = macosx;
			};
			name = Release;
		};
		BCEC669E20F6E09F00456C01 /* Debug */ = {
			isa = XCBuildConfiguration;
			buildSettings = {
				FRAMEWORK_SEARCH_PATHS = (
					"$(inherited)",
					"$(LOCAL_LIBRARY_DIR)/Frameworks",
				);
				PRODUCT_NAME = "$(TARGET_NAME)";
			};
			name = Debug;
		};
		BCEC669F20F6E09F00456C01 /* Release */ = {
			isa = XCBuildConfiguration;
			buildSettings = {
				FRAMEWORK_SEARCH_PATHS = (
					"$(inherited)",
					"$(LOCAL_LIBRARY_DIR)/Frameworks",
				);
				PRODUCT_NAME = "$(TARGET_NAME)";
			};
			name = Release;
		};
/* End XCBuildConfiguration section */

/* Begin XCConfigurationList section */
		BCEC669120F6E09F00456C01 /* Build configuration list for PBXProject "SDL_Test" */ = {
			isa = XCConfigurationList;
			buildConfigurations = (
				BCEC669B20F6E09F00456C01 /* Debug */,
				BCEC669C20F6E09F00456C01 /* Release */,
			);
			defaultConfigurationIsVisible = 0;
			defaultConfigurationName = Release;
		};
		BCEC669D20F6E09F00456C01 /* Build configuration list for PBXNativeTarget "SDL_Test" */ = {
			isa = XCConfigurationList;
			buildConfigurations = (
				BCEC669E20F6E09F00456C01 /* Debug */,
				BCEC669F20F6E09F00456C01 /* Release */,
			);
			defaultConfigurationIsVisible = 0;
			defaultConfigurationName = Release;
		};
/* End XCConfigurationList section */
	};
	rootObject = BCEC668E20F6E09F00456C01 /* Project object */;
}
